
Microsoft Visual Studio Solution File, Format Version 12.00
# Visual Studio Version 17
VisualStudioVersion = 17.7.34031.279
MinimumVisualStudioVersion = 10.0.40219.1
Project("{9A19103F-16F7-4668-BE54-9A1E7A4F7556}") = "Final.DAL", "FinalProject.DAL\Final.DAL.csproj", "{D6204A70-93C5-4D97-BE04-7347DDB85471}"
EndProject
Project("{9A19103F-16F7-4668-BE54-9A1E7A4F7556}") = "Final.Web", "FinalProject.Web\Final.Web.csproj", "{2E12ED3F-4845-4679-B606-5F771279FE5A}"
EndProject
Global
	GlobalSection(SolutionConfigurationPlatforms) = preSolution
		Debug|Any CPU = Debug|Any CPU
		Release|Any CPU = Release|Any CPU
	EndGlobalSection
	GlobalSection(ProjectConfigurationPlatforms) = postSolution
		{D6204A70-93C5-4D97-BE04-7347DDB85471}.Debug|Any CPU.ActiveCfg = Debug|Any CPU
		{D6204A70-93C5-4D97-BE04-7347DDB85471}.Debug|Any CPU.Build.0 = Debug|Any CPU
		{D6204A70-93C5-4D97-BE04-7347DDB85471}.Release|Any CPU.ActiveCfg = Release|Any CPU
		{D6204A70-93C5-4D97-BE04-7347DDB85471}.Release|Any CPU.Build.0 = Release|Any CPU
		{2E12ED3F-4845-4679-B606-5F771279FE5A}.Debug|Any CPU.ActiveCfg = Debug|Any CPU
		{2E12ED3F-4845-4679-B606-5F771279FE5A}.Debug|Any CPU.Build.0 = Debug|Any CPU
		{2E12ED3F-4845-4679-B606-5F771279FE5A}.Release|Any CPU.ActiveCfg = Release|Any CPU
		{2E12ED3F-4845-4679-B606-5F771279FE5A}.Release|Any CPU.Build.0 = Release|Any CPU
	EndGlobalSection
	GlobalSection(SolutionProperties) = preSolution
		HideSolutionNode = FALSE
	EndGlobalSection
	GlobalSection(ExtensibilityGlobals) = postSolution
		SolutionGuid = {5C9DB639-29FB-4B21-B238-1ABDCE8876F3}
	EndGlobalSection
EndGlobal
